
Microsoft Visual Studio Solution File, Format Version 12.00
# Visual Studio 15
VisualStudioVersion = 15.0.28307.852
MinimumVisualStudioVersion = 10.0.40219.1
Project("{9092AA53-FB77-4645-B42D-1CCCA6BD08BD}") = "Assignment2", "Assignment2\Assignment2.njsproj", "{6B4D776E-1B53-4E6E-B0CD-66C6871372CB}"
EndProject
Global
	GlobalSection(SolutionConfigurationPlatforms) = preSolution
		Debug|Any CPU = Debug|Any CPU
		Release|Any CPU = Release|Any CPU
	EndGlobalSection
	GlobalSection(ProjectConfigurationPlatforms) = postSolution
		{6B4D776E-1B53-4E6E-B0CD-66C6871372CB}.Debug|Any CPU.ActiveCfg = Debug|Any CPU
		{6B4D776E-1B53-4E6E-B0CD-66C6871372CB}.Debug|Any CPU.Build.0 = Debug|Any CPU
		{6B4D776E-1B53-4E6E-B0CD-66C6871372CB}.Release|Any CPU.ActiveCfg = Release|Any CPU
		{6B4D776E-1B53-4E6E-B0CD-66C6871372CB}.Release|Any CPU.Build.0 = Release|Any CPU
	EndGlobalSection
	GlobalSection(SolutionProperties) = preSolution
		HideSolutionNode = FALSE
	EndGlobalSection
	GlobalSection(ExtensibilityGlobals) = postSolution
		SolutionGuid = {7FD7B8AF-F12B-47D2-9513-BFA96E84772B}
	EndGlobalSection
EndGlobal
